
Microsoft Visual Studio Solution File, Format Version 12.00
# Visual Studio Version 16
VisualStudioVersion = 16.0.31727.386
MinimumVisualStudioVersion = 10.0.40219.1
Project("{FAE04EC0-301F-11D3-BF4B-00C04F79EFBC}") = "Com_connect", "Com_connect\Com_connect.csproj", "{15494E11-98F9-4F42-B235-DA75AEDBA7CC}"
EndProject
Project("{8BC9CEB8-8B4A-11D0-8D11-00A0C91BC942}") = "com_connect_c++", "com_connect_c++\com_connect_c++.vcxproj", "{847C2F15-5570-4F7A-B5F3-09CBCD41CFA8}"
EndProject
Project("{8BC9CEB8-8B4A-11D0-8D11-00A0C91BC942}") = "CLI_example", "CLI_example\CLI_example.vcxproj", "{BD1E3F96-EC16-4681-A5EB-D8F996521534}"
EndProject
Project("{8BC9CEB8-8B4A-11D0-8D11-00A0C91BC942}") = "lib_on_c++", "lib_on_c++\lib_on_c++.vcxproj", "{6EC828A0-61BE-471A-BA29-FB68944A4F63}"
EndProject
Project("{FAE04EC0-301F-11D3-BF4B-00C04F79EFBC}") = "c_sharp_connect_dll", "c_sharp_connect_dll\c_sharp_connect_dll.csproj", "{F58ED790-8D86-4590-9E48-66A9111EB984}"
EndProject
Project("{FAE04EC0-301F-11D3-BF4B-00C04F79EFBC}") = "class_lib_try", "class_lib_try\class_lib_try.csproj", "{7DCFCCE6-4634-488A-B7D9-5ABB3BE3361F}"
EndProject
Project("{FAE04EC0-301F-11D3-BF4B-00C04F79EFBC}") = "COM_example_framework", "COM_example_framework\COM_example_framework.csproj", "{031357A7-AF44-4C1E-8204-ABAC4AB954DF}"
EndProject
Global
	GlobalSection(SolutionConfigurationPlatforms) = preSolution
		Debug|Any CPU = Debug|Any CPU
		Debug|ARM = Debug|ARM
		Debug|ARM64 = Debug|ARM64
		Debug|x64 = Debug|x64
		Debug|x86 = Debug|x86
		Release|Any CPU = Release|Any CPU
		Release|ARM = Release|ARM
		Release|ARM64 = Release|ARM64
		Release|x64 = Release|x64
		Release|x86 = Release|x86
	EndGlobalSection
	GlobalSection(ProjectConfigurationPlatforms) = postSolution
		{15494E11-98F9-4F42-B235-DA75AEDBA7CC}.Debug|Any CPU.ActiveCfg = Debug|Any CPU
		{15494E11-98F9-4F42-B235-DA75AEDBA7CC}.Debug|Any CPU.Build.0 = Debug|Any CPU
		{15494E11-98F9-4F42-B235-DA75AEDBA7CC}.Debug|ARM.ActiveCfg = Debug|Any CPU
		{15494E11-98F9-4F42-B235-DA75AEDBA7CC}.Debug|ARM.Build.0 = Debug|Any CPU
		{15494E11-98F9-4F42-B235-DA75AEDBA7CC}.Debug|ARM64.ActiveCfg = Debug|Any CPU
		{15494E11-98F9-4F42-B235-DA75AEDBA7CC}.Debug|ARM64.Build.0 = Debug|Any CPU
		{15494E11-98F9-4F42-B235-DA75AEDBA7CC}.Debug|x64.ActiveCfg = Debug|Any CPU
		{15494E11-98F9-4F42-B235-DA75AEDBA7CC}.Debug|x64.Build.0 = Debug|Any CPU
		{15494E11-98F9-4F42-B235-DA75AEDBA7CC}.Debug|x86.ActiveCfg = Debug|Any CPU
		{15494E11-98F9-4F42-B235-DA75AEDBA7CC}.Debug|x86.Build.0 = Debug|Any CPU
		{15494E11-98F9-4F42-B235-DA75AEDBA7CC}.Release|Any CPU.ActiveCfg = Release|Any CPU
		{15494E11-98F9-4F42-B235-DA75AEDBA7CC}.Release|Any CPU.Build.0 = Release|Any CPU
		{15494E11-98F9-4F42-B235-DA75AEDBA7CC}.Release|ARM.ActiveCfg = Release|Any CPU
		{15494E11-98F9-4F42-B235-DA75AEDBA7CC}.Release|ARM.Build.0 = Release|Any CPU
		{15494E11-98F9-4F42-B235-DA75AEDBA7CC}.Release|ARM64.ActiveCfg = Release|Any CPU
		{15494E11-98F9-4F42-B235-DA75AEDBA7CC}.Release|ARM64.Build.0 = Release|Any CPU
		{15494E11-98F9-4F42-B235-DA75AEDBA7CC}.Release|x64.ActiveCfg = Release|Any CPU
		{15494E11-98F9-4F42-B235-DA75AEDBA7CC}.Release|x64.Build.0 = Release|Any CPU
		{15494E11-98F9-4F42-B235-DA75AEDBA7CC}.Release|x86.ActiveCfg = Release|Any CPU
		{15494E11-98F9-4F42-B235-DA75AEDBA7CC}.Release|x86.Build.0 = Release|Any CPU
		{847C2F15-5570-4F7A-B5F3-09CBCD41CFA8}.Debug|Any CPU.ActiveCfg = Debug|Win32
		{847C2F15-5570-4F7A-B5F3-09CBCD41CFA8}.Debug|ARM.ActiveCfg = Debug|Win32
		{847C2F15-5570-4F7A-B5F3-09CBCD41CFA8}.Debug|ARM64.ActiveCfg = Debug|Win32
		{847C2F15-5570-4F7A-B5F3-09CBCD41CFA8}.Debug|x64.ActiveCfg = Debug|x64
		{847C2F15-5570-4F7A-B5F3-09CBCD41CFA8}.Debug|x64.Build.0 = Debug|x64
		{847C2F15-5570-4F7A-B5F3-09CBCD41CFA8}.Debug|x86.ActiveCfg = Debug|Win32
		{847C2F15-5570-4F7A-B5F3-09CBCD41CFA8}.Debug|x86.Build.0 = Debug|Win32
		{847C2F15-5570-4F7A-B5F3-09CBCD41CFA8}.Release|Any CPU.ActiveCfg = Release|Win32
		{847C2F15-5570-4F7A-B5F3-09CBCD41CFA8}.Release|ARM.ActiveCfg = Release|Win32
		{847C2F15-5570-4F7A-B5F3-09CBCD41CFA8}.Release|ARM64.ActiveCfg = Release|Win32
		{847C2F15-5570-4F7A-B5F3-09CBCD41CFA8}.Release|x64.ActiveCfg = Release|x64
		{847C2F15-5570-4F7A-B5F3-09CBCD41CFA8}.Release|x64.Build.0 = Release|x64
		{847C2F15-5570-4F7A-B5F3-09CBCD41CFA8}.Release|x86.ActiveCfg = Release|Win32
		{847C2F15-5570-4F7A-B5F3-09CBCD41CFA8}.Release|x86.Build.0 = Release|Win32
		{BD1E3F96-EC16-4681-A5EB-D8F996521534}.Debug|Any CPU.ActiveCfg = Debug|Win32
		{BD1E3F96-EC16-4681-A5EB-D8F996521534}.Debug|ARM.ActiveCfg = Debug|Win32
		{BD1E3F96-EC16-4681-A5EB-D8F996521534}.Debug|ARM64.ActiveCfg = Debug|Win32
		{BD1E3F96-EC16-4681-A5EB-D8F996521534}.Debug|x64.ActiveCfg = Debug|x64
		{BD1E3F96-EC16-4681-A5EB-D8F996521534}.Debug|x64.Build.0 = Debug|x64
		{BD1E3F96-EC16-4681-A5EB-D8F996521534}.Debug|x86.ActiveCfg = Debug|Win32
		{BD1E3F96-EC16-4681-A5EB-D8F996521534}.Debug|x86.Build.0 = Debug|Win32
		{BD1E3F96-EC16-4681-A5EB-D8F996521534}.Release|Any CPU.ActiveCfg = Release|Win32
		{BD1E3F96-EC16-4681-A5EB-D8F996521534}.Release|ARM.ActiveCfg = Release|Win32
		{BD1E3F96-EC16-4681-A5EB-D8F996521534}.Release|ARM64.ActiveCfg = Release|Win32
		{BD1E3F96-EC16-4681-A5EB-D8F996521534}.Release|x64.ActiveCfg = Release|x64
		{BD1E3F96-EC16-4681-A5EB-D8F996521534}.Release|x64.Build.0 = Release|x64
		{BD1E3F96-EC16-4681-A5EB-D8F996521534}.Release|x86.ActiveCfg = Release|Win32
		{BD1E3F96-EC16-4681-A5EB-D8F996521534}.Release|x86.Build.0 = Release|Win32
		{6EC828A0-61BE-471A-BA29-FB68944A4F63}.Debug|Any CPU.ActiveCfg = Debug|Win32
		{6EC828A0-61BE-471A-BA29-FB68944A4F63}.Debug|ARM.ActiveCfg = Debug|Win32
		{6EC828A0-61BE-471A-BA29-FB68944A4F63}.Debug|ARM64.ActiveCfg = Debug|Win32
		{6EC828A0-61BE-471A-BA29-FB68944A4F63}.Debug|x64.ActiveCfg = Debug|x64
		{6EC828A0-61BE-471A-BA29-FB68944A4F63}.Debug|x64.Build.0 = Debug|x64
		{6EC828A0-61BE-471A-BA29-FB68944A4F63}.Debug|x86.ActiveCfg = Debug|Win32
		{6EC828A0-61BE-471A-BA29-FB68944A4F63}.Debug|x86.Build.0 = Debug|Win32
		{6EC828A0-61BE-471A-BA29-FB68944A4F63}.Release|Any CPU.ActiveCfg = Release|Win32
		{6EC828A0-61BE-471A-BA29-FB68944A4F63}.Release|ARM.ActiveCfg = Release|Win32
		{6EC828A0-61BE-471A-BA29-FB68944A4F63}.Release|ARM64.ActiveCfg = Release|Win32
		{6EC828A0-61BE-471A-BA29-FB68944A4F63}.Release|x64.ActiveCfg = Release|x64
		{6EC828A0-61BE-471A-BA29-FB68944A4F63}.Release|x64.Build.0 = Release|x64
		{6EC828A0-61BE-471A-BA29-FB68944A4F63}.Release|x86.ActiveCfg = Release|Win32
		{6EC828A0-61BE-471A-BA29-FB68944A4F63}.Release|x86.Build.0 = Release|Win32
		{F58ED790-8D86-4590-9E48-66A9111EB984}.Debug|Any CPU.ActiveCfg = Debug|Any CPU
		{F58ED790-8D86-4590-9E48-66A9111EB984}.Debug|Any CPU.Build.0 = Debug|Any CPU
		{F58ED790-8D86-4590-9E48-66A9111EB984}.Debug|ARM.ActiveCfg = Debug|Any CPU
		{F58ED790-8D86-4590-9E48-66A9111EB984}.Debug|ARM.Build.0 = Debug|Any CPU
		{F58ED790-8D86-4590-9E48-66A9111EB984}.Debug|ARM64.ActiveCfg = Debug|Any CPU
		{F58ED790-8D86-4590-9E48-66A9111EB984}.Debug|ARM64.Build.0 = Debug|Any CPU
		{F58ED790-8D86-4590-9E48-66A9111EB984}.Debug|x64.ActiveCfg = Debug|Any CPU
		{F58ED790-8D86-4590-9E48-66A9111EB984}.Debug|x64.Build.0 = Debug|Any CPU
		{F58ED790-8D86-4590-9E48-66A9111EB984}.Debug|x86.ActiveCfg = Debug|Any CPU
		{F58ED790-8D86-4590-9E48-66A9111EB984}.Debug|x86.Build.0 = Debug|Any CPU
		{F58ED790-8D86-4590-9E48-66A9111EB984}.Release|Any CPU.ActiveCfg = Release|Any CPU
		{F58ED790-8D86-4590-9E48-66A9111EB984}.Release|Any CPU.Build.0 = Release|Any CPU
		{F58ED790-8D86-4590-9E48-66A9111EB984}.Release|ARM.ActiveCfg = Release|Any CPU
		{F58ED790-8D86-4590-9E48-66A9111EB984}.Release|ARM.Build.0 = Release|Any CPU
		{F58ED790-8D86-4590-9E48-66A9111EB984}.Release|ARM64.ActiveCfg = Release|Any CPU
		{F58ED790-8D86-4590-9E48-66A9111EB984}.Release|ARM64.Build.0 = Release|Any CPU
		{F58ED790-8D86-4590-9E48-66A9111EB984}.Release|x64.ActiveCfg = Release|Any CPU
		{F58ED790-8D86-4590-9E48-66A9111EB984}.Release|x64.Build.0 = Release|Any CPU
		{F58ED790-8D86-4590-9E48-66A9111EB984}.Release|x86.ActiveCfg = Release|Any CPU
		{F58ED790-8D86-4590-9E48-66A9111EB984}.Release|x86.Build.0 = Release|Any CPU
		{7DCFCCE6-4634-488A-B7D9-5ABB3BE3361F}.Debug|Any CPU.ActiveCfg = Debug|Any CPU
		{7DCFCCE6-4634-488A-B7D9-5ABB3BE3361F}.Debug|Any CPU.Build.0 = Debug|Any CPU
		{7DCFCCE6-4634-488A-B7D9-5ABB3BE3361F}.Debug|ARM.ActiveCfg = Debug|ARM
		{7DCFCCE6-4634-488A-B7D9-5ABB3BE3361F}.Debug|ARM.Build.0 = Debug|ARM
		{7DCFCCE6-4634-488A-B7D9-5ABB3BE3361F}.Debug|ARM64.ActiveCfg = Debug|ARM64
		{7DCFCCE6-4634-488A-B7D9-5ABB3BE3361F}.Debug|ARM64.Build.0 = Debug|ARM64
		{7DCFCCE6-4634-488A-B7D9-5ABB3BE3361F}.Debug|x64.ActiveCfg = Debug|x64
		{7DCFCCE6-4634-488A-B7D9-5ABB3BE3361F}.Debug|x64.Build.0 = Debug|x64
		{7DCFCCE6-4634-488A-B7D9-5ABB3BE3361F}.Debug|x86.ActiveCfg = Debug|x86
		{7DCFCCE6-4634-488A-B7D9-5ABB3BE3361F}.Debug|x86.Build.0 = Debug|x86
		{7DCFCCE6-4634-488A-B7D9-5ABB3BE3361F}.Release|Any CPU.ActiveCfg = Release|Any CPU
		{7DCFCCE6-4634-488A-B7D9-5ABB3BE3361F}.Release|Any CPU.Build.0 = Release|Any CPU
		{7DCFCCE6-4634-488A-B7D9-5ABB3BE3361F}.Release|ARM.ActiveCfg = Release|ARM
		{7DCFCCE6-4634-488A-B7D9-5ABB3BE3361F}.Release|ARM.Build.0 = Release|ARM
		{7DCFCCE6-4634-488A-B7D9-5ABB3BE3361F}.Release|ARM64.ActiveCfg = Release|ARM64
		{7DCFCCE6-4634-488A-B7D9-5ABB3BE3361F}.Release|ARM64.Build.0 = Release|ARM64
		{7DCFCCE6-4634-488A-B7D9-5ABB3BE3361F}.Release|x64.ActiveCfg = Release|x64
		{7DCFCCE6-4634-488A-B7D9-5ABB3BE3361F}.Release|x64.Build.0 = Release|x64
		{7DCFCCE6-4634-488A-B7D9-5ABB3BE3361F}.Release|x86.ActiveCfg = Release|x86
		{7DCFCCE6-4634-488A-B7D9-5ABB3BE3361F}.Release|x86.Build.0 = Release|x86
		{031357A7-AF44-4C1E-8204-ABAC4AB954DF}.Debug|Any CPU.ActiveCfg = Debug|Any CPU
		{031357A7-AF44-4C1E-8204-ABAC4AB954DF}.Debug|Any CPU.Build.0 = Debug|Any CPU
		{031357A7-AF44-4C1E-8204-ABAC4AB954DF}.Debug|ARM.ActiveCfg = Debug|Any CPU
		{031357A7-AF44-4C1E-8204-ABAC4AB954DF}.Debug|ARM.Build.0 = Debug|Any CPU
		{031357A7-AF44-4C1E-8204-ABAC4AB954DF}.Debug|ARM64.ActiveCfg = Debug|Any CPU
		{031357A7-AF44-4C1E-8204-ABAC4AB954DF}.Debug|ARM64.Build.0 = Debug|Any CPU
		{031357A7-AF44-4C1E-8204-ABAC4AB954DF}.Debug|x64.ActiveCfg = Debug|Any CPU
		{031357A7-AF44-4C1E-8204-ABAC4AB954DF}.Debug|x64.Build.0 = Debug|Any CPU
		{031357A7-AF44-4C1E-8204-ABAC4AB954DF}.Debug|x86.ActiveCfg = Debug|Any CPU
		{031357A7-AF44-4C1E-8204-ABAC4AB954DF}.Debug|x86.Build.0 = Debug|Any CPU
		{031357A7-AF44-4C1E-8204-ABAC4AB954DF}.Release|Any CPU.ActiveCfg = Release|Any CPU
		{031357A7-AF44-4C1E-8204-ABAC4AB954DF}.Release|Any CPU.Build.0 = Release|Any CPU
		{031357A7-AF44-4C1E-8204-ABAC4AB954DF}.Release|ARM.ActiveCfg = Release|Any CPU
		{031357A7-AF44-4C1E-8204-ABAC4AB954DF}.Release|ARM.Build.0 = Release|Any CPU
		{031357A7-AF44-4C1E-8204-ABAC4AB954DF}.Release|ARM64.ActiveCfg = Release|Any CPU
		{031357A7-AF44-4C1E-8204-ABAC4AB954DF}.Release|ARM64.Build.0 = Release|Any CPU
		{031357A7-AF44-4C1E-8204-ABAC4AB954DF}.Release|x64.ActiveCfg = Release|Any CPU
		{031357A7-AF44-4C1E-8204-ABAC4AB954DF}.Release|x64.Build.0 = Release|Any CPU
		{031357A7-AF44-4C1E-8204-ABAC4AB954DF}.Release|x86.ActiveCfg = Release|Any CPU
		{031357A7-AF44-4C1E-8204-ABAC4AB954DF}.Release|x86.Build.0 = Release|Any CPU
	EndGlobalSection
	GlobalSection(SolutionProperties) = preSolution
		HideSolutionNode = FALSE
	EndGlobalSection
	GlobalSection(ExtensibilityGlobals) = postSolution
		SolutionGuid = {073774FB-F820-41E5-92B2-51F5CF860008}
	EndGlobalSection
EndGlobal
